// !$*UTF8*$!
{
	archiveVersion = 1;
	classes = {
	};
	objectVersion = 50;
	objects = {

/* Begin PBXBuildFile section */
		E24B2A92286B6CB900CD0EA3 /* AppDelegate.swift in Sources */ = {isa = PBXBuildFile; fileRef = E24B2A91286B6CB900CD0EA3 /* AppDelegate.swift */; };
		E24B2A94286B6CB900CD0EA3 /* SceneDelegate.swift in Sources */ = {isa = PBXBuildFile; fileRef = E24B2A93286B6CB900CD0EA3 /* SceneDelegate.swift */; };
		E24B2A96286B6CB900CD0EA3 /* ViewController.swift in Sources */ = {isa = PBXBuildFile; fileRef = E24B2A95286B6CB900CD0EA3 /* ViewController.swift */; };
		E24B2A99286B6CB900CD0EA3 /* Main.storyboard in Resources */ = {isa = PBXBuildFile; fileRef = E24B2A97286B6CB900CD0EA3 /* Main.storyboard */; };
		E24B2A9C286B6CB900CD0EA3 /* LuftbornTask.xcdatamodeld in Sources */ = {isa = PBXBuildFile; fileRef = E24B2A9A286B6CB900CD0EA3 /* LuftbornTask.xcdatamodeld */; };
		E24B2A9E286B6CBD00CD0EA3 /* Assets.xcassets in Resources */ = {isa = PBXBuildFile; fileRef = E24B2A9D286B6CBD00CD0EA3 /* Assets.xcassets */; };
		E24B2AA1286B6CBD00CD0EA3 /* LaunchScreen.storyboard in Resources */ = {isa = PBXBuildFile; fileRef = E24B2A9F286B6CBD00CD0EA3 /* LaunchScreen.storyboard */; };
		E24B2AAC286B6CBD00CD0EA3 /* LuftbornTaskTests.swift in Sources */ = {isa = PBXBuildFile; fileRef = E24B2AAB286B6CBD00CD0EA3 /* LuftbornTaskTests.swift */; };
		E24B2AB7286B6CBD00CD0EA3 /* LuftbornTaskUITests.swift in Sources */ = {isa = PBXBuildFile; fileRef = E24B2AB6286B6CBD00CD0EA3 /* LuftbornTaskUITests.swift */; };
		E24B2ACE286B6CFE00CD0EA3 /* ConcurrentQueue.swift in Sources */ = {isa = PBXBuildFile; fileRef = E24B2ACD286B6CFE00CD0EA3 /* ConcurrentQueue.swift */; };
		E24B2ADC286B8C9200CD0EA3 /* TasksModel.swift in Sources */ = {isa = PBXBuildFile; fileRef = E24B2ADB286B8C9200CD0EA3 /* TasksModel.swift */; };
		E24B2AE1286B8CB500CD0EA3 /* TasksTableViewCell.swift in Sources */ = {isa = PBXBuildFile; fileRef = E24B2AE0286B8CB500CD0EA3 /* TasksTableViewCell.swift */; };
/* End PBXBuildFile section */

/* Begin PBXContainerItemProxy section */
		E24B2AA8286B6CBD00CD0EA3 /* PBXContainerItemProxy */ = {
			isa = PBXContainerItemProxy;
			containerPortal = E24B2A86286B6CB900CD0EA3 /* Project object */;
			proxyType = 1;
			remoteGlobalIDString = E24B2A8D286B6CB900CD0EA3;
			remoteInfo = LuftbornTask;
		};
		E24B2AB3286B6CBD00CD0EA3 /* PBXContainerItemProxy */ = {
			isa = PBXContainerItemProxy;
			containerPortal = E24B2A86286B6CB900CD0EA3 /* Project object */;
			proxyType = 1;
			remoteGlobalIDString = E24B2A8D286B6CB900CD0EA3;
			remoteInfo = LuftbornTask;
		};
/* End PBXContainerItemProxy section */

/* Begin PBXFileReference section */
		E24B2A8E286B6CB900CD0EA3 /* LuftbornTask.app */ = {isa = PBXFileReference; explicitFileType = wrapper.application; includeInIndex = 0; path = LuftbornTask.app; sourceTree = BUILT_PRODUCTS_DIR; };
		E24B2A91286B6CB900CD0EA3 /* AppDelegate.swift */ = {isa = PBXFileReference; lastKnownFileType = sourcecode.swift; path = AppDelegate.swift; sourceTree = "<group>"; };
		E24B2A93286B6CB900CD0EA3 /* SceneDelegate.swift */ = {isa = PBXFileReference; lastKnownFileType = sourcecode.swift; path = SceneDelegate.swift; sourceTree = "<group>"; };
		E24B2A95286B6CB900CD0EA3 /* ViewController.swift */ = {isa = PBXFileReference; lastKnownFileType = sourcecode.swift; path = ViewController.swift; sourceTree = "<group>"; };
		E24B2A98286B6CB900CD0EA3 /* Base */ = {isa = PBXFileReference; lastKnownFileType = file.storyboard; name = Base; path = Base.lproj/Main.storyboard; sourceTree = "<group>"; };
		E24B2A9B286B6CB900CD0EA3 /* LuftbornTask.xcdatamodel */ = {isa = PBXFileReference; lastKnownFileType = wrapper.xcdatamodel; path = LuftbornTask.xcdatamodel; sourceTree = "<group>"; };
		E24B2A9D286B6CBD00CD0EA3 /* Assets.xcassets */ = {isa = PBXFileReference; lastKnownFileType = folder.assetcatalog; path = Assets.xcassets; sourceTree = "<group>"; };
		E24B2AA0286B6CBD00CD0EA3 /* Base */ = {isa = PBXFileReference; lastKnownFileType = file.storyboard; name = Base; path = Base.lproj/LaunchScreen.storyboard; sourceTree = "<group>"; };
		E24B2AA2286B6CBD00CD0EA3 /* Info.plist */ = {isa = PBXFileReference; lastKnownFileType = text.plist.xml; path = Info.plist; sourceTree = "<group>"; };
		E24B2AA7286B6CBD00CD0EA3 /* LuftbornTaskTests.xctest */ = {isa = PBXFileReference; explicitFileType = wrapper.cfbundle; includeInIndex = 0; path = LuftbornTaskTests.xctest; sourceTree = BUILT_PRODUCTS_DIR; };
		E24B2AAB286B6CBD00CD0EA3 /* LuftbornTaskTests.swift */ = {isa = PBXFileReference; lastKnownFileType = sourcecode.swift; path = LuftbornTaskTests.swift; sourceTree = "<group>"; };
		E24B2AAD286B6CBD00CD0EA3 /* Info.plist */ = {isa = PBXFileReference; lastKnownFileType = text.plist.xml; path = Info.plist; sourceTree = "<group>"; };
		E24B2AB2286B6CBD00CD0EA3 /* LuftbornTaskUITests.xctest */ = {isa = PBXFileReference; explicitFileType = wrapper.cfbundle; includeInIndex = 0; path = LuftbornTaskUITests.xctest; sourceTree = BUILT_PRODUCTS_DIR; };
		E24B2AB6286B6CBD00CD0EA3 /* LuftbornTaskUITests.swift */ = {isa = PBXFileReference; lastKnownFileType = sourcecode.swift; path = LuftbornTaskUITests.swift; sourceTree = "<group>"; };
		E24B2AB8286B6CBD00CD0EA3 /* Info.plist */ = {isa = PBXFileReference; lastKnownFileType = text.plist.xml; path = Info.plist; sourceTree = "<group>"; };
		E24B2ACD286B6CFE00CD0EA3 /* ConcurrentQueue.swift */ = {isa = PBXFileReference; lastKnownFileType = sourcecode.swift; path = ConcurrentQueue.swift; sourceTree = "<group>"; };
		E24B2ADB286B8C9200CD0EA3 /* TasksModel.swift */ = {isa = PBXFileReference; lastKnownFileType = sourcecode.swift; path = TasksModel.swift; sourceTree = "<group>"; };
		E24B2AE0286B8CB500CD0EA3 /* TasksTableViewCell.swift */ = {isa = PBXFileReference; lastKnownFileType = sourcecode.swift; path = TasksTableViewCell.swift; sourceTree = "<group>"; };
/* End PBXFileReference section */

/* Begin PBXFrameworksBuildPhase section */
		E24B2A8B286B6CB900CD0EA3 /* Frameworks */ = {
			isa = PBXFrameworksBuildPhase;
			buildActionMask = 2147483647;
			files = (
			);
			runOnlyForDeploymentPostprocessing = 0;
		};
		E24B2AA4286B6CBD00CD0EA3 /* Frameworks */ = {
			isa = PBXFrameworksBuildPhase;
			buildActionMask = 2147483647;
			files = (
			);
			runOnlyForDeploymentPostprocessing = 0;
		};
		E24B2AAF286B6CBD00CD0EA3 /* Frameworks */ = {
			isa = PBXFrameworksBuildPhase;
			buildActionMask = 2147483647;
			files = (
			);
			runOnlyForDeploymentPostprocessing = 0;
		};
/* End PBXFrameworksBuildPhase section */

/* Begin PBXGroup section */
		E24B2A85286B6CB900CD0EA3 = {
			isa = PBXGroup;
			children = (
				E24B2A90286B6CB900CD0EA3 /* LuftbornTask */,
				E24B2AAA286B6CBD00CD0EA3 /* LuftbornTaskTests */,
				E24B2AB5286B6CBD00CD0EA3 /* LuftbornTaskUITests */,
				E24B2A8F286B6CB900CD0EA3 /* Products */,
			);
			sourceTree = "<group>";
		};
		E24B2A8F286B6CB900CD0EA3 /* Products */ = {
			isa = PBXGroup;
			children = (
				E24B2A8E286B6CB900CD0EA3 /* LuftbornTask.app */,
				E24B2AA7286B6CBD00CD0EA3 /* LuftbornTaskTests.xctest */,
				E24B2AB2286B6CBD00CD0EA3 /* LuftbornTaskUITests.xctest */,
			);
			name = Products;
			sourceTree = "<group>";
		};
		E24B2A90286B6CB900CD0EA3 /* LuftbornTask */ = {
			isa = PBXGroup;
			children = (
				E24B2AD2286B6D4D00CD0EA3 /* Task Executer */,
				E24B2AD6286B8C2400CD0EA3 /* TaskViewController */,
				E24B2A91286B6CB900CD0EA3 /* AppDelegate.swift */,
				E24B2A93286B6CB900CD0EA3 /* SceneDelegate.swift */,
				E24B2A97286B6CB900CD0EA3 /* Main.storyboard */,
				E24B2A9D286B6CBD00CD0EA3 /* Assets.xcassets */,
				E24B2A9F286B6CBD00CD0EA3 /* LaunchScreen.storyboard */,
				E24B2AA2286B6CBD00CD0EA3 /* Info.plist */,
				E24B2A9A286B6CB900CD0EA3 /* LuftbornTask.xcdatamodeld */,
			);
			path = LuftbornTask;
			sourceTree = "<group>";
		};
		E24B2AAA286B6CBD00CD0EA3 /* LuftbornTaskTests */ = {
			isa = PBXGroup;
			children = (
				E24B2AAB286B6CBD00CD0EA3 /* LuftbornTaskTests.swift */,
				E24B2AAD286B6CBD00CD0EA3 /* Info.plist */,
			);
			path = LuftbornTaskTests;
			sourceTree = "<group>";
		};
		E24B2AB5286B6CBD00CD0EA3 /* LuftbornTaskUITests */ = {
			isa = PBXGroup;
			children = (
				E24B2AB6286B6CBD00CD0EA3 /* LuftbornTaskUITests.swift */,
				E24B2AB8286B6CBD00CD0EA3 /* Info.plist */,
			);
			path = LuftbornTaskUITests;
			sourceTree = "<group>";
		};
		E24B2AD2286B6D4D00CD0EA3 /* Task Executer */ = {
			isa = PBXGroup;
			children = (
				E24B2ACD286B6CFE00CD0EA3 /* ConcurrentQueue.swift */,
			);
			path = "Task Executer";
			sourceTree = "<group>";
		};
		E24B2AD6286B8C2400CD0EA3 /* TaskViewController */ = {
			isa = PBXGroup;
			children = (
				E24B2AD8286B8C5800CD0EA3 /* View */,
				E24B2AD7286B8C3700CD0EA3 /* Model */,
			);
			path = TaskViewController;
			sourceTree = "<group>";
		};
		E24B2AD7286B8C3700CD0EA3 /* Model */ = {
			isa = PBXGroup;
			children = (
				E24B2ADB286B8C9200CD0EA3 /* TasksModel.swift */,
			);
			path = Model;
			sourceTree = "<group>";
		};
		E24B2AD8286B8C5800CD0EA3 /* View */ = {
			isa = PBXGroup;
			children = (
				E24B2ADA286B8C6900CD0EA3 /* ViewController */,
				E24B2AD9286B8C6300CD0EA3 /* Cell */,
			);
			path = View;
			sourceTree = "<group>";
		};
		E24B2AD9286B8C6300CD0EA3 /* Cell */ = {
			isa = PBXGroup;
			children = (
				E24B2AE0286B8CB500CD0EA3 /* TasksTableViewCell.swift */,
			);
			path = Cell;
			sourceTree = "<group>";
		};
		E24B2ADA286B8C6900CD0EA3 /* ViewController */ = {
			isa = PBXGroup;
			children = (
				E24B2A95286B6CB900CD0EA3 /* ViewController.swift */,
			);
			path = ViewController;
			sourceTree = "<group>";
		};
/* End PBXGroup section */

/* Begin PBXNativeTarget section */
		E24B2A8D286B6CB900CD0EA3 /* LuftbornTask */ = {
			isa = PBXNativeTarget;
			buildConfigurationList = E24B2ABB286B6CBD00CD0EA3 /* Build configuration list for PBXNativeTarget "LuftbornTask" */;
			buildPhases = (
				E24B2A8A286B6CB900CD0EA3 /* Sources */,
				E24B2A8B286B6CB900CD0EA3 /* Frameworks */,
				E24B2A8C286B6CB900CD0EA3 /* Resources */,
			);
			buildRules = (
			);
			dependencies = (
			);
			name = LuftbornTask;
			productName = LuftbornTask;
			productReference = E24B2A8E286B6CB900CD0EA3 /* LuftbornTask.app */;
			productType = "com.apple.product-type.application";
		};
		E24B2AA6286B6CBD00CD0EA3 /* LuftbornTaskTests */ = {
			isa = PBXNativeTarget;
			buildConfigurationList = E24B2ABE286B6CBD00CD0EA3 /* Build configuration list for PBXNativeTarget "LuftbornTaskTests" */;
			buildPhases = (
				E24B2AA3286B6CBD00CD0EA3 /* Sources */,
				E24B2AA4286B6CBD00CD0EA3 /* Frameworks */,
				E24B2AA5286B6CBD00CD0EA3 /* Resources */,
			);
			buildRules = (
			);
			dependencies = (
				E24B2AA9286B6CBD00CD0EA3 /* PBXTargetDependency */,
			);
			name = LuftbornTaskTests;
			productName = LuftbornTaskTests;
			productReference = E24B2AA7286B6CBD00CD0EA3 /* LuftbornTaskTests.xctest */;
			productType = "com.apple.product-type.bundle.unit-test";
		};
		E24B2AB1286B6CBD00CD0EA3 /* LuftbornTaskUITests */ = {
			isa = PBXNativeTarget;
			buildConfigurationList = E24B2AC1286B6CBD00CD0EA3 /* Build configuration list for PBXNativeTarget "LuftbornTaskUITests" */;
			buildPhases = (
				E24B2AAE286B6CBD00CD0EA3 /* Sources */,
				E24B2AAF286B6CBD00CD0EA3 /* Frameworks */,
				E24B2AB0286B6CBD00CD0EA3 /* Resources */,
			);
			buildRules = (
			);
			dependencies = (
				E24B2AB4286B6CBD00CD0EA3 /* PBXTargetDependency */,
			);
			name = LuftbornTaskUITests;
			productName = LuftbornTaskUITests;
			productReference = E24B2AB2286B6CBD00CD0EA3 /* LuftbornTaskUITests.xctest */;
			productType = "com.apple.product-type.bundle.ui-testing";
		};
/* End PBXNativeTarget section */

/* Begin PBXProject section */
		E24B2A86286B6CB900CD0EA3 /* Project object */ = {
			isa = PBXProject;
			attributes = {
				LastSwiftUpdateCheck = 1230;
				LastUpgradeCheck = 1230;
				TargetAttributes = {
					E24B2A8D286B6CB900CD0EA3 = {
						CreatedOnToolsVersion = 12.3;
					};
					E24B2AA6286B6CBD00CD0EA3 = {
						CreatedOnToolsVersion = 12.3;
						TestTargetID = E24B2A8D286B6CB900CD0EA3;
					};
					E24B2AB1286B6CBD00CD0EA3 = {
						CreatedOnToolsVersion = 12.3;
						TestTargetID = E24B2A8D286B6CB900CD0EA3;
					};
				};
			};
			buildConfigurationList = E24B2A89286B6CB900CD0EA3 /* Build configuration list for PBXProject "LuftbornTask" */;
			compatibilityVersion = "Xcode 9.3";
			developmentRegion = en;
			hasScannedForEncodings = 0;
			knownRegions = (
				en,
				Base,
			);
			mainGroup = E24B2A85286B6CB900CD0EA3;
			productRefGroup = E24B2A8F286B6CB900CD0EA3 /* Products */;
			projectDirPath = "";
			projectRoot = "";
			targets = (
				E24B2A8D286B6CB900CD0EA3 /* LuftbornTask */,
				E24B2AA6286B6CBD00CD0EA3 /* LuftbornTaskTests */,
				E24B2AB1286B6CBD00CD0EA3 /* LuftbornTaskUITests */,
			);
		};
/* End PBXProject section */

/* Begin PBXResourcesBuildPhase section */
		E24B2A8C286B6CB900CD0EA3 /* Resources */ = {
			isa = PBXResourcesBuildPhase;
			buildActionMask = 2147483647;
			files = (
				E24B2AA1286B6CBD00CD0EA3 /* LaunchScreen.storyboard in Resources */,
				E24B2A9E286B6CBD00CD0EA3 /* Assets.xcassets in Resources */,
				E24B2A99286B6CB900CD0EA3 /* Main.storyboard in Resources */,
			);
			runOnlyForDeploymentPostprocessing = 0;
		};
		E24B2AA5286B6CBD00CD0EA3 /* Resources */ = {
			isa = PBXResourcesBuildPhase;
			buildActionMask = 2147483647;
			files = (
			);
			runOnlyForDeploymentPostprocessing = 0;
		};
		E24B2AB0286B6CBD00CD0EA3 /* Resources */ = {
			isa = PBXResourcesBuildPhase;
			buildActionMask = 2147483647;
			files = (
			);
			runOnlyForDeploymentPostprocessing = 0;
		};
/* End PBXResourcesBuildPhase section */

/* Begin PBXSourcesBuildPhase section */
		E24B2A8A286B6CB900CD0EA3 /* Sources */ = {
			isa = PBXSourcesBuildPhase;
			buildActionMask = 2147483647;
			files = (
				E24B2A9C286B6CB900CD0EA3 /* LuftbornTask.xcdatamodeld in Sources */,
				E24B2ACE286B6CFE00CD0EA3 /* ConcurrentQueue.swift in Sources */,
				E24B2ADC286B8C9200CD0EA3 /* TasksModel.swift in Sources */,
				E24B2A96286B6CB900CD0EA3 /* ViewController.swift in Sources */,
				E24B2A92286B6CB900CD0EA3 /* AppDelegate.swift in Sources */,
				E24B2A94286B6CB900CD0EA3 /* SceneDelegate.swift in Sources */,
				E24B2AE1286B8CB500CD0EA3 /* TasksTableViewCell.swift in Sources */,
			);
			runOnlyForDeploymentPostprocessing = 0;
		};
		E24B2AA3286B6CBD00CD0EA3 /* Sources */ = {
			isa = PBXSourcesBuildPhase;
			buildActionMask = 2147483647;
			files = (
				E24B2AAC286B6CBD00CD0EA3 /* LuftbornTaskTests.swift in Sources */,
			);
			runOnlyForDeploymentPostprocessing = 0;
		};
		E24B2AAE286B6CBD00CD0EA3 /* Sources */ = {
			isa = PBXSourcesBuildPhase;
			buildActionMask = 2147483647;
			files = (
				E24B2AB7286B6CBD00CD0EA3 /* LuftbornTaskUITests.swift in Sources */,
			);
			runOnlyForDeploymentPostprocessing = 0;
		};
/* End PBXSourcesBuildPhase section */

/* Begin PBXTargetDependency section */
		E24B2AA9286B6CBD00CD0EA3 /* PBXTargetDependency */ = {
			isa = PBXTargetDependency;
			target = E24B2A8D286B6CB900CD0EA3 /* LuftbornTask */;
			targetProxy = E24B2AA8286B6CBD00CD0EA3 /* PBXContainerItemProxy */;
		};
		E24B2AB4286B6CBD00CD0EA3 /* PBXTargetDependency */ = {
			isa = PBXTargetDependency;
			target = E24B2A8D286B6CB900CD0EA3 /* LuftbornTask */;
			targetProxy = E24B2AB3286B6CBD00CD0EA3 /* PBXContainerItemProxy */;
		};
/* End PBXTargetDependency section */

/* Begin PBXVariantGroup section */
		E24B2A97286B6CB900CD0EA3 /* Main.storyboard */ = {
			isa = PBXVariantGroup;
			children = (
				E24B2A98286B6CB900CD0EA3 /* Base */,
			);
			name = Main.storyboard;
			sourceTree = "<group>";
		};
		E24B2A9F286B6CBD00CD0EA3 /* LaunchScreen.storyboard */ = {
			isa = PBXVariantGroup;
			children = (
				E24B2AA0286B6CBD00CD0EA3 /* Base */,
			);
			name = LaunchScreen.storyboard;
			sourceTree = "<group>";
		};
/* End PBXVariantGroup section */

/* Begin XCBuildConfiguration section */
		E24B2AB9286B6CBD00CD0EA3 /* Debug */ = {
			isa = XCBuildConfiguration;
			buildSettings = {
				ALWAYS_SEARCH_USER_PATHS = NO;
				CLANG_ANALYZER_NONNULL = YES;
				CLANG_ANALYZER_NUMBER_OBJECT_CONVERSION = YES_AGGRESSIVE;
				CLANG_CXX_LANGUAGE_STANDARD = "gnu++14";
				CLANG_CXX_LIBRARY = "libc++";
				CLANG_ENABLE_MODULES = YES;
				CLANG_ENABLE_OBJC_ARC = YES;
				CLANG_ENABLE_OBJC_WEAK = YES;
				CLANG_WARN_BLOCK_CAPTURE_AUTORELEASING = YES;
				CLANG_WARN_BOOL_CONVERSION = YES;
				CLANG_WARN_COMMA = YES;
				CLANG_WARN_CONSTANT_CONVERSION = YES;
				CLANG_WARN_DEPRECATED_OBJC_IMPLEMENTATIONS = YES;
				CLANG_WARN_DIRECT_OBJC_ISA_USAGE = YES_ERROR;
				CLANG_WARN_DOCUMENTATION_COMMENTS = YES;
				CLANG_WARN_EMPTY_BODY = YES;
				CLANG_WARN_ENUM_CONVERSION = YES;
				CLANG_WARN_INFINITE_RECURSION = YES;
				CLANG_WARN_INT_CONVERSION = YES;
				CLANG_WARN_NON_LITERAL_NULL_CONVERSION = YES;
				CLANG_WARN_OBJC_IMPLICIT_RETAIN_SELF = YES;
				CLANG_WARN_OBJC_LITERAL_CONVERSION = YES;
				CLANG_WARN_OBJC_ROOT_CLASS = YES_ERROR;
				CLANG_WARN_QUOTED_INCLUDE_IN_FRAMEWORK_HEADER = YES;
				CLANG_WARN_RANGE_LOOP_ANALYSIS = YES;
				CLANG_WARN_STRICT_PROTOTYPES = YES;
				CLANG_WARN_SUSPICIOUS_MOVE = YES;
				CLANG_WARN_UNGUARDED_AVAILABILITY = YES_AGGRESSIVE;
				CLANG_WARN_UNREACHABLE_CODE = YES;
				CLANG_WARN__DUPLICATE_METHOD_MATCH = YES;
				COPY_PHASE_STRIP = NO;
				DEBUG_INFORMATION_FORMAT = dwarf;
				ENABLE_STRICT_OBJC_MSGSEND = YES;
				ENABLE_TESTABILITY = YES;
				GCC_C_LANGUAGE_STANDARD = gnu11;
				GCC_DYNAMIC_NO_PIC = NO;
				GCC_NO_COMMON_BLOCKS = YES;
				GCC_OPTIMIZATION_LEVEL = 0;
				GCC_PREPROCESSOR_DEFINITIONS = (
					"DEBUG=1",
					"$(inherited)",
				);
				GCC_WARN_64_TO_32_BIT_CONVERSION = YES;
				GCC_WARN_ABOUT_RETURN_TYPE = YES_ERROR;
				GCC_WARN_UNDECLARED_SELECTOR = YES;
				GCC_WARN_UNINITIALIZED_AUTOS = YES_AGGRESSIVE;
				GCC_WARN_UNUSED_FUNCTION = YES;
				GCC_WARN_UNUSED_VARIABLE = YES;
				IPHONEOS_DEPLOYMENT_TARGET = 14.3;
				MTL_ENABLE_DEBUG_INFO = INCLUDE_SOURCE;
				MTL_FAST_MATH = YES;
				ONLY_ACTIVE_ARCH = YES;
				SDKROOT = iphoneos;
				SWIFT_ACTIVE_COMPILATION_CONDITIONS = DEBUG;
				SWIFT_OPTIMIZATION_LEVEL = "-Onone";
			};
			name = Debug;
		};
		E24B2ABA286B6CBD00CD0EA3 /* Release */ = {
			isa = XCBuildConfiguration;
			buildSettings = {
				ALWAYS_SEARCH_USER_PATHS = NO;
				CLANG_ANALYZER_NONNULL = YES;
				CLANG_ANALYZER_NUMBER_OBJECT_CONVERSION = YES_AGGRESSIVE;
				CLANG_CXX_LANGUAGE_STANDARD = "gnu++14";
				CLANG_CXX_LIBRARY = "libc++";
				CLANG_ENABLE_MODULES = YES;
				CLANG_ENABLE_OBJC_ARC = YES;
				CLANG_ENABLE_OBJC_WEAK = YES;
				CLANG_WARN_BLOCK_CAPTURE_AUTORELEASING = YES;
				CLANG_WARN_BOOL_CONVERSION = YES;
				CLANG_WARN_COMMA = YES;
				CLANG_WARN_CONSTANT_CONVERSION = YES;
				CLANG_WARN_DEPRECATED_OBJC_IMPLEMENTATIONS = YES;
				CLANG_WARN_DIRECT_OBJC_ISA_USAGE = YES_ERROR;
				CLANG_WARN_DOCUMENTATION_COMMENTS = YES;
				CLANG_WARN_EMPTY_BODY = YES;
				CLANG_WARN_ENUM_CONVERSION = YES;
				CLANG_WARN_INFINITE_RECURSION = YES;
				CLANG_WARN_INT_CONVERSION = YES;
				CLANG_WARN_NON_LITERAL_NULL_CONVERSION = YES;
				CLANG_WARN_OBJC_IMPLICIT_RETAIN_SELF = YES;
				CLANG_WARN_OBJC_LITERAL_CONVERSION = YES;
				CLANG_WARN_OBJC_ROOT_CLASS = YES_ERROR;
				CLANG_WARN_QUOTED_INCLUDE_IN_FRAMEWORK_HEADER = YES;
				CLANG_WARN_RANGE_LOOP_ANALYSIS = YES;
				CLANG_WARN_STRICT_PROTOTYPES = YES;
				CLANG_WARN_SUSPICIOUS_MOVE = YES;
				CLANG_WARN_UNGUARDED_AVAILABILITY = YES_AGGRESSIVE;
				CLANG_WARN_UNREACHABLE_CODE = YES;
				CLANG_WARN__DUPLICATE_METHOD_MATCH = YES;
				COPY_PHASE_STRIP = NO;
				DEBUG_INFORMATION_FORMAT = "dwarf-with-dsym";
				ENABLE_NS_ASSERTIONS = NO;
				ENABLE_STRICT_OBJC_MSGSEND = YES;
				GCC_C_LANGUAGE_STANDARD = gnu11;
				GCC_NO_COMMON_BLOCKS = YES;
				GCC_WARN_64_TO_32_BIT_CONVERSION = YES;
				GCC_WARN_ABOUT_RETURN_TYPE = YES_ERROR;
				GCC_WARN_UNDECLARED_SELECTOR = YES;
				GCC_WARN_UNINITIALIZED_AUTOS = YES_AGGRESSIVE;
				GCC_WARN_UNUSED_FUNCTION = YES;
				GCC_WARN_UNUSED_VARIABLE = YES;
				IPHONEOS_DEPLOYMENT_TARGET = 14.3;
				MTL_ENABLE_DEBUG_INFO = NO;
				MTL_FAST_MATH = YES;
				SDKROOT = iphoneos;
				SWIFT_COMPILATION_MODE = wholemodule;
				SWIFT_OPTIMIZATION_LEVEL = "-O";
				VALIDATE_PRODUCT = YES;
			};
			name = Release;
		};
		E24B2ABC286B6CBD00CD0EA3 /* Debug */ = {
			isa = XCBuildConfiguration;
			buildSettings = {
				ASSETCATALOG_COMPILER_APPICON_NAME = AppIcon;
				ASSETCATALOG_COMPILER_GLOBAL_ACCENT_COLOR_NAME = AccentColor;
				CODE_SIGN_STYLE = Automatic;
				DEVELOPMENT_TEAM = H9S73AUH5P;
				INFOPLIST_FILE = LuftbornTask/Info.plist;
				LD_RUNPATH_SEARCH_PATHS = (
					"$(inherited)",
					"@executable_path/Frameworks",
				);
				PRODUCT_BUNDLE_IDENTIFIER = LuftbornTask.LuftbornTask;
				PRODUCT_NAME = "$(TARGET_NAME)";
				SWIFT_VERSION = 5.0;
				TARGETED_DEVICE_FAMILY = "1,2";
			};
			name = Debug;
		};
		E24B2ABD286B6CBD00CD0EA3 /* Release */ = {
			isa = XCBuildConfiguration;
			buildSettings = {
				ASSETCATALOG_COMPILER_APPICON_NAME = AppIcon;
				ASSETCATALOG_COMPILER_GLOBAL_ACCENT_COLOR_NAME = AccentColor;
				CODE_SIGN_STYLE = Automatic;
				DEVELOPMENT_TEAM = H9S73AUH5P;
				INFOPLIST_FILE = LuftbornTask/Info.plist;
				LD_RUNPATH_SEARCH_PATHS = (
					"$(inherited)",
					"@executable_path/Frameworks",
				);
				PRODUCT_BUNDLE_IDENTIFIER = LuftbornTask.LuftbornTask;
				PRODUCT_NAME = "$(TARGET_NAME)";
				SWIFT_VERSION = 5.0;
				TARGETED_DEVICE_FAMILY = "1,2";
			};
			name = Release;
		};
		E24B2ABF286B6CBD00CD0EA3 /* Debug */ = {
			isa = XCBuildConfiguration;
			buildSettings = {
				ALWAYS_EMBED_SWIFT_STANDARD_LIBRARIES = YES;
				BUNDLE_LOADER = "$(TEST_HOST)";
				CODE_SIGN_STYLE = Automatic;
				DEVELOPMENT_TEAM = H9S73AUH5P;
				INFOPLIST_FILE = LuftbornTaskTests/Info.plist;
				IPHONEOS_DEPLOYMENT_TARGET = 14.3;
				LD_RUNPATH_SEARCH_PATHS = (
					"$(inherited)",
					"@executable_path/Frameworks",
					"@loader_path/Frameworks",
				);
				PRODUCT_BUNDLE_IDENTIFIER = LuftbornTask.LuftbornTaskTests;
				PRODUCT_NAME = "$(TARGET_NAME)";
				SWIFT_VERSION = 5.0;
				TARGETED_DEVICE_FAMILY = "1,2";
				TEST_HOST = "$(BUILT_PRODUCTS_DIR)/LuftbornTask.app/LuftbornTask";
			};
			name = Debug;
		};
		E24B2AC0286B6CBD00CD0EA3 /* Release */ = {
			isa = XCBuildConfiguration;
			buildSettings = {
				ALWAYS_EMBED_SWIFT_STANDARD_LIBRARIES = YES;
				BUNDLE_LOADER = "$(TEST_HOST)";
				CODE_SIGN_STYLE = Automatic;
				DEVELOPMENT_TEAM = H9S73AUH5P;
				INFOPLIST_FILE = LuftbornTaskTests/Info.plist;
				IPHONEOS_DEPLOYMENT_TARGET = 14.3;
				LD_RUNPATH_SEARCH_PATHS = (
					"$(inherited)",
					"@executable_path/Frameworks",
					"@loader_path/Frameworks",
				);
				PRODUCT_BUNDLE_IDENTIFIER = LuftbornTask.LuftbornTaskTests;
				PRODUCT_NAME = "$(TARGET_NAME)";
				SWIFT_VERSION = 5.0;
				TARGETED_DEVICE_FAMILY = "1,2";
				TEST_HOST = "$(BUILT_PRODUCTS_DIR)/LuftbornTask.app/LuftbornTask";
			};
			name = Release;
		};
		E24B2AC2286B6CBD00CD0EA3 /* Debug */ = {
			isa = XCBuildConfiguration;
			buildSettings = {
				ALWAYS_EMBED_SWIFT_STANDARD_LIBRARIES = YES;
				CODE_SIGN_STYLE = Automatic;
				DEVELOPMENT_TEAM = H9S73AUH5P;
				INFOPLIST_FILE = LuftbornTaskUITests/Info.plist;
				LD_RUNPATH_SEARCH_PATHS = (
					"$(inherited)",
					"@executable_path/Frameworks",
					"@loader_path/Frameworks",
				);
				PRODUCT_BUNDLE_IDENTIFIER = LuftbornTask.LuftbornTaskUITests;
				PRODUCT_NAME = "$(TARGET_NAME)";
				SWIFT_VERSION = 5.0;
				TARGETED_DEVICE_FAMILY = "1,2";
				TEST_TARGET_NAME = LuftbornTask;
			};
			name = Debug;
		};
		E24B2AC3286B6CBD00CD0EA3 /* Release */ = {
			isa = XCBuildConfiguration;
			buildSettings = {
				ALWAYS_EMBED_SWIFT_STANDARD_LIBRARIES = YES;
				CODE_SIGN_STYLE = Automatic;
				DEVELOPMENT_TEAM = H9S73AUH5P;
				INFOPLIST_FILE = LuftbornTaskUITests/Info.plist;
				LD_RUNPATH_SEARCH_PATHS = (
					"$(inherited)",
					"@executable_path/Frameworks",
					"@loader_path/Frameworks",
				);
				PRODUCT_BUNDLE_IDENTIFIER = LuftbornTask.LuftbornTaskUITests;
				PRODUCT_NAME = "$(TARGET_NAME)";
				SWIFT_VERSION = 5.0;
				TARGETED_DEVICE_FAMILY = "1,2";
				TEST_TARGET_NAME = LuftbornTask;
			};
			name = Release;
		};
/* End XCBuildConfiguration section */

/* Begin XCConfigurationList section */
		E24B2A89286B6CB900CD0EA3 /* Build configuration list for PBXProject "LuftbornTask" */ = {
			isa = XCConfigurationList;
			buildConfigurations = (
				E24B2AB9286B6CBD00CD0EA3 /* Debug */,
				E24B2ABA286B6CBD00CD0EA3 /* Release */,
			);
			defaultConfigurationIsVisible = 0;
			defaultConfigurationName = Release;
		};
		E24B2ABB286B6CBD00CD0EA3 /* Build configuration list for PBXNativeTarget "LuftbornTask" */ = {
			isa = XCConfigurationList;
			buildConfigurations = (
				E24B2ABC286B6CBD00CD0EA3 /* Debug */,
				E24B2ABD286B6CBD00CD0EA3 /* Release */,
			);
			defaultConfigurationIsVisible = 0;
			defaultConfigurationName = Release;
		};
		E24B2ABE286B6CBD00CD0EA3 /* Build configuration list for PBXNativeTarget "LuftbornTaskTests" */ = {
			isa = XCConfigurationList;
			buildConfigurations = (
				E24B2ABF286B6CBD00CD0EA3 /* Debug */,
				E24B2AC0286B6CBD00CD0EA3 /* Release */,
			);
			defaultConfigurationIsVisible = 0;
			defaultConfigurationName = Release;
		};
		E24B2AC1286B6CBD00CD0EA3 /* Build configuration list for PBXNativeTarget "LuftbornTaskUITests" */ = {
			isa = XCConfigurationList;
			buildConfigurations = (
				E24B2AC2286B6CBD00CD0EA3 /* Debug */,
				E24B2AC3286B6CBD00CD0EA3 /* Release */,
			);
			defaultConfigurationIsVisible = 0;
			defaultConfigurationName = Release;
		};
/* End XCConfigurationList section */

/* Begin XCVersionGroup section */
		E24B2A9A286B6CB900CD0EA3 /* LuftbornTask.xcdatamodeld */ = {
			isa = XCVersionGroup;
			children = (
				E24B2A9B286B6CB900CD0EA3 /* LuftbornTask.xcdatamodel */,
			);
			currentVersion = E24B2A9B286B6CB900CD0EA3 /* LuftbornTask.xcdatamodel */;
			path = LuftbornTask.xcdatamodeld;
			sourceTree = "<group>";
			versionGroupType = wrapper.xcdatamodel;
		};
/* End XCVersionGroup section */
	};
	rootObject = E24B2A86286B6CB900CD0EA3 /* Project object */;
}
